
Microsoft Visual Studio Solution File, Format Version 12.00
# Visual Studio Version 16
VisualStudioVersion = 16.0.30804.86
MinimumVisualStudioVersion = 10.0.40219.1
Project("{FAE04EC0-301F-11D3-BF4B-00C04F79EFBC}") = "HWLesson29", "HWLesson29\HWLesson29.csproj", "{03CE52BF-DF97-4AE6-B485-C1AB86A70E80}"
EndProject
Project("{FAE04EC0-301F-11D3-BF4B-00C04F79EFBC}") = "UnitTest", "UnitTest\UnitTest.csproj", "{089A2F12-0D8D-4EE5-9911-6EC659F0490B}"
EndProject
Global
	GlobalSection(SolutionConfigurationPlatforms) = preSolution
		Debug|Any CPU = Debug|Any CPU
		Release|Any CPU = Release|Any CPU
	EndGlobalSection
	GlobalSection(ProjectConfigurationPlatforms) = postSolution
		{03CE52BF-DF97-4AE6-B485-C1AB86A70E80}.Debug|Any CPU.ActiveCfg = Debug|Any CPU
		{03CE52BF-DF97-4AE6-B485-C1AB86A70E80}.Debug|Any CPU.Build.0 = Debug|Any CPU
		{03CE52BF-DF97-4AE6-B485-C1AB86A70E80}.Release|Any CPU.ActiveCfg = Release|Any CPU
		{03CE52BF-DF97-4AE6-B485-C1AB86A70E80}.Release|Any CPU.Build.0 = Release|Any CPU
		{089A2F12-0D8D-4EE5-9911-6EC659F0490B}.Debug|Any CPU.ActiveCfg = Debug|Any CPU
		{089A2F12-0D8D-4EE5-9911-6EC659F0490B}.Debug|Any CPU.Build.0 = Debug|Any CPU
		{089A2F12-0D8D-4EE5-9911-6EC659F0490B}.Release|Any CPU.ActiveCfg = Release|Any CPU
		{089A2F12-0D8D-4EE5-9911-6EC659F0490B}.Release|Any CPU.Build.0 = Release|Any CPU
	EndGlobalSection
	GlobalSection(SolutionProperties) = preSolution
		HideSolutionNode = FALSE
	EndGlobalSection
	GlobalSection(ExtensibilityGlobals) = postSolution
		SolutionGuid = {94291D4B-09B8-438B-87AF-04C7724FD801}
	EndGlobalSection
EndGlobal
